
Microsoft Visual Studio Solution File, Format Version 12.00
# Visual Studio 14
VisualStudioVersion = 14.0.25123.0
MinimumVisualStudioVersion = 10.0.40219.1
Project("{FAE04EC0-301F-11D3-BF4B-00C04F79EFBC}") = "XamDemo.Droid", "XamDemo\XamDemo.Droid\XamDemo.Droid.csproj", "{DEACFAAA-6B69-45A4-861B-2EEE6362ADE5}"
EndProject
Project("{FAE04EC0-301F-11D3-BF4B-00C04F79EFBC}") = "XamDemo.iOS", "XamDemo\XamDemo.iOS\XamDemo.iOS.csproj", "{D6E2C719-16DE-4236-BF39-D416B1C2805E}"
EndProject
Project("{FAE04EC0-301F-11D3-BF4B-00C04F79EFBC}") = "XamDemo", "XamDemo\XamDemo\XamDemo.csproj", "{5739A35E-0EE8-4064-8204-8DAB84AD0495}"
EndProject
Project("{FAE04EC0-301F-11D3-BF4B-00C04F79EFBC}") = "XamDemo.WinPhone", "XamDemo\XamDemo.WinPhone\XamDemo.WinPhone.csproj", "{8DA47653-4286-437F-AF7F-08D911726A6F}"
EndProject
Global
	GlobalSection(SolutionConfigurationPlatforms) = preSolution
		AppStore|Any CPU = AppStore|Any CPU
		AppStore|ARM = AppStore|ARM
		AppStore|iPhone = AppStore|iPhone
		AppStore|iPhoneSimulator = AppStore|iPhoneSimulator
		AppStore|x86 = AppStore|x86
		Debug|Any CPU = Debug|Any CPU
		Debug|ARM = Debug|ARM
		Debug|iPhone = Debug|iPhone
		Debug|iPhoneSimulator = Debug|iPhoneSimulator
		Debug|x86 = Debug|x86
		Release|Any CPU = Release|Any CPU
		Release|ARM = Release|ARM
		Release|iPhone = Release|iPhone
		Release|iPhoneSimulator = Release|iPhoneSimulator
		Release|x86 = Release|x86
	EndGlobalSection
	GlobalSection(ProjectConfigurationPlatforms) = postSolution
		{DEACFAAA-6B69-45A4-861B-2EEE6362ADE5}.AppStore|Any CPU.ActiveCfg = Release|Any CPU
		{DEACFAAA-6B69-45A4-861B-2EEE6362ADE5}.AppStore|Any CPU.Build.0 = Release|Any CPU
		{DEACFAAA-6B69-45A4-861B-2EEE6362ADE5}.AppStore|Any CPU.Deploy.0 = Release|Any CPU
		{DEACFAAA-6B69-45A4-861B-2EEE6362ADE5}.AppStore|ARM.ActiveCfg = Release|Any CPU
		{DEACFAAA-6B69-45A4-861B-2EEE6362ADE5}.AppStore|ARM.Build.0 = Release|Any CPU
		{DEACFAAA-6B69-45A4-861B-2EEE6362ADE5}.AppStore|ARM.Deploy.0 = Release|Any CPU
		{DEACFAAA-6B69-45A4-861B-2EEE6362ADE5}.AppStore|iPhone.ActiveCfg = Release|Any CPU
		{DEACFAAA-6B69-45A4-861B-2EEE6362ADE5}.AppStore|iPhone.Build.0 = Release|Any CPU
		{DEACFAAA-6B69-45A4-861B-2EEE6362ADE5}.AppStore|iPhone.Deploy.0 = Release|Any CPU
		{DEACFAAA-6B69-45A4-861B-2EEE6362ADE5}.AppStore|iPhoneSimulator.ActiveCfg = Release|Any CPU
		{DEACFAAA-6B69-45A4-861B-2EEE6362ADE5}.AppStore|iPhoneSimulator.Build.0 = Release|Any CPU
		{DEACFAAA-6B69-45A4-861B-2EEE6362ADE5}.AppStore|iPhoneSimulator.Deploy.0 = Release|Any CPU
		{DEACFAAA-6B69-45A4-861B-2EEE6362ADE5}.AppStore|x86.ActiveCfg = Release|Any CPU
		{DEACFAAA-6B69-45A4-861B-2EEE6362ADE5}.AppStore|x86.Build.0 = Release|Any CPU
		{DEACFAAA-6B69-45A4-861B-2EEE6362ADE5}.AppStore|x86.Deploy.0 = Release|Any CPU
		{DEACFAAA-6B69-45A4-861B-2EEE6362ADE5}.Debug|Any CPU.ActiveCfg = Debug|Any CPU
		{DEACFAAA-6B69-45A4-861B-2EEE6362ADE5}.Debug|Any CPU.Build.0 = Debug|Any CPU
		{DEACFAAA-6B69-45A4-861B-2EEE6362ADE5}.Debug|Any CPU.Deploy.0 = Debug|Any CPU
		{DEACFAAA-6B69-45A4-861B-2EEE6362ADE5}.Debug|ARM.ActiveCfg = Debug|Any CPU
		{DEACFAAA-6B69-45A4-861B-2EEE6362ADE5}.Debug|ARM.Build.0 = Debug|Any CPU
		{DEACFAAA-6B69-45A4-861B-2EEE6362ADE5}.Debug|ARM.Deploy.0 = Debug|Any CPU
		{DEACFAAA-6B69-45A4-861B-2EEE6362ADE5}.Debug|iPhone.ActiveCfg = Debug|Any CPU
		{DEACFAAA-6B69-45A4-861B-2EEE6362ADE5}.Debug|iPhone.Build.0 = Debug|Any CPU
		{DEACFAAA-6B69-45A4-861B-2EEE6362ADE5}.Debug|iPhone.Deploy.0 = Debug|Any CPU
		{DEACFAAA-6B69-45A4-861B-2EEE6362ADE5}.Debug|iPhoneSimulator.ActiveCfg = Debug|Any CPU
		{DEACFAAA-6B69-45A4-861B-2EEE6362ADE5}.Debug|iPhoneSimulator.Build.0 = Debug|Any CPU
		{DEACFAAA-6B69-45A4-861B-2EEE6362ADE5}.Debug|iPhoneSimulator.Deploy.0 = Debug|Any CPU
		{DEACFAAA-6B69-45A4-861B-2EEE6362ADE5}.Debug|x86.ActiveCfg = Debug|Any CPU
		{DEACFAAA-6B69-45A4-861B-2EEE6362ADE5}.Debug|x86.Build.0 = Debug|Any CPU
		{DEACFAAA-6B69-45A4-861B-2EEE6362ADE5}.Debug|x86.Deploy.0 = Debug|Any CPU
		{DEACFAAA-6B69-45A4-861B-2EEE6362ADE5}.Release|Any CPU.ActiveCfg = Release|Any CPU
		{DEACFAAA-6B69-45A4-861B-2EEE6362ADE5}.Release|Any CPU.Build.0 = Release|Any CPU
		{DEACFAAA-6B69-45A4-861B-2EEE6362ADE5}.Release|Any CPU.Deploy.0 = Release|Any CPU
		{DEACFAAA-6B69-45A4-861B-2EEE6362ADE5}.Release|ARM.ActiveCfg = Release|Any CPU
		{DEACFAAA-6B69-45A4-861B-2EEE6362ADE5}.Release|ARM.Build.0 = Release|Any CPU
		{DEACFAAA-6B69-45A4-861B-2EEE6362ADE5}.Release|ARM.Deploy.0 = Release|Any CPU
		{DEACFAAA-6B69-45A4-861B-2EEE6362ADE5}.Release|iPhone.ActiveCfg = Release|Any CPU
		{DEACFAAA-6B69-45A4-861B-2EEE6362ADE5}.Release|iPhone.Build.0 = Release|Any CPU
		{DEACFAAA-6B69-45A4-861B-2EEE6362ADE5}.Release|iPhone.Deploy.0 = Release|Any CPU
		{DEACFAAA-6B69-45A4-861B-2EEE6362ADE5}.Release|iPhoneSimulator.ActiveCfg = Release|Any CPU
		{DEACFAAA-6B69-45A4-861B-2EEE6362ADE5}.Release|iPhoneSimulator.Build.0 = Release|Any CPU
		{DEACFAAA-6B69-45A4-861B-2EEE6362ADE5}.Release|iPhoneSimulator.Deploy.0 = Release|Any CPU
		{DEACFAAA-6B69-45A4-861B-2EEE6362ADE5}.Release|x86.ActiveCfg = Release|Any CPU
		{DEACFAAA-6B69-45A4-861B-2EEE6362ADE5}.Release|x86.Build.0 = Release|Any CPU
		{DEACFAAA-6B69-45A4-861B-2EEE6362ADE5}.Release|x86.Deploy.0 = Release|Any CPU
		{D6E2C719-16DE-4236-BF39-D416B1C2805E}.AppStore|Any CPU.ActiveCfg = AppStore|iPhone
		{D6E2C719-16DE-4236-BF39-D416B1C2805E}.AppStore|ARM.ActiveCfg = AppStore|iPhone
		{D6E2C719-16DE-4236-BF39-D416B1C2805E}.AppStore|iPhone.ActiveCfg = AppStore|iPhone
		{D6E2C719-16DE-4236-BF39-D416B1C2805E}.AppStore|iPhone.Build.0 = AppStore|iPhone
		{D6E2C719-16DE-4236-BF39-D416B1C2805E}.AppStore|iPhoneSimulator.ActiveCfg = AppStore|iPhoneSimulator
		{D6E2C719-16DE-4236-BF39-D416B1C2805E}.AppStore|iPhoneSimulator.Build.0 = AppStore|iPhoneSimulator
		{D6E2C719-16DE-4236-BF39-D416B1C2805E}.AppStore|x86.ActiveCfg = AppStore|iPhone
		{D6E2C719-16DE-4236-BF39-D416B1C2805E}.Debug|Any CPU.ActiveCfg = Debug|iPhone
		{D6E2C719-16DE-4236-BF39-D416B1C2805E}.Debug|ARM.ActiveCfg = Debug|iPhone
		{D6E2C719-16DE-4236-BF39-D416B1C2805E}.Debug|iPhone.ActiveCfg = Debug|iPhone
		{D6E2C719-16DE-4236-BF39-D416B1C2805E}.Debug|iPhone.Build.0 = Debug|iPhone
		{D6E2C719-16DE-4236-BF39-D416B1C2805E}.Debug|iPhoneSimulator.ActiveCfg = Debug|iPhoneSimulator
		{D6E2C719-16DE-4236-BF39-D416B1C2805E}.Debug|iPhoneSimulator.Build.0 = Debug|iPhoneSimulator
		{D6E2C719-16DE-4236-BF39-D416B1C2805E}.Debug|x86.ActiveCfg = Debug|iPhone
		{D6E2C719-16DE-4236-BF39-D416B1C2805E}.Release|Any CPU.ActiveCfg = Release|iPhone
		{D6E2C719-16DE-4236-BF39-D416B1C2805E}.Release|ARM.ActiveCfg = Release|iPhone
		{D6E2C719-16DE-4236-BF39-D416B1C2805E}.Release|iPhone.ActiveCfg = Release|iPhone
		{D6E2C719-16DE-4236-BF39-D416B1C2805E}.Release|iPhone.Build.0 = Release|iPhone
		{D6E2C719-16DE-4236-BF39-D416B1C2805E}.Release|iPhoneSimulator.ActiveCfg = Release|iPhoneSimulator
		{D6E2C719-16DE-4236-BF39-D416B1C2805E}.Release|iPhoneSimulator.Build.0 = Release|iPhoneSimulator
		{D6E2C719-16DE-4236-BF39-D416B1C2805E}.Release|x86.ActiveCfg = Release|iPhone
		{5739A35E-0EE8-4064-8204-8DAB84AD0495}.AppStore|Any CPU.ActiveCfg = Release|Any CPU
		{5739A35E-0EE8-4064-8204-8DAB84AD0495}.AppStore|Any CPU.Build.0 = Release|Any CPU
		{5739A35E-0EE8-4064-8204-8DAB84AD0495}.AppStore|ARM.ActiveCfg = Release|Any CPU
		{5739A35E-0EE8-4064-8204-8DAB84AD0495}.AppStore|ARM.Build.0 = Release|Any CPU
		{5739A35E-0EE8-4064-8204-8DAB84AD0495}.AppStore|iPhone.ActiveCfg = Release|Any CPU
		{5739A35E-0EE8-4064-8204-8DAB84AD0495}.AppStore|iPhone.Build.0 = Release|Any CPU
		{5739A35E-0EE8-4064-8204-8DAB84AD0495}.AppStore|iPhoneSimulator.ActiveCfg = Release|Any CPU
		{5739A35E-0EE8-4064-8204-8DAB84AD0495}.AppStore|iPhoneSimulator.Build.0 = Release|Any CPU
		{5739A35E-0EE8-4064-8204-8DAB84AD0495}.AppStore|x86.ActiveCfg = Release|Any CPU
		{5739A35E-0EE8-4064-8204-8DAB84AD0495}.AppStore|x86.Build.0 = Release|Any CPU
		{5739A35E-0EE8-4064-8204-8DAB84AD0495}.Debug|Any CPU.ActiveCfg = Debug|Any CPU
		{5739A35E-0EE8-4064-8204-8DAB84AD0495}.Debug|Any CPU.Build.0 = Debug|Any CPU
		{5739A35E-0EE8-4064-8204-8DAB84AD0495}.Debug|ARM.ActiveCfg = Debug|Any CPU
		{5739A35E-0EE8-4064-8204-8DAB84AD0495}.Debug|ARM.Build.0 = Debug|Any CPU
		{5739A35E-0EE8-4064-8204-8DAB84AD0495}.Debug|iPhone.ActiveCfg = Debug|Any CPU
		{5739A35E-0EE8-4064-8204-8DAB84AD0495}.Debug|iPhone.Build.0 = Debug|Any CPU
		{5739A35E-0EE8-4064-8204-8DAB84AD0495}.Debug|iPhoneSimulator.ActiveCfg = Debug|Any CPU
		{5739A35E-0EE8-4064-8204-8DAB84AD0495}.Debug|iPhoneSimulator.Build.0 = Debug|Any CPU
		{5739A35E-0EE8-4064-8204-8DAB84AD0495}.Debug|x86.ActiveCfg = Debug|Any CPU
		{5739A35E-0EE8-4064-8204-8DAB84AD0495}.Debug|x86.Build.0 = Debug|Any CPU
		{5739A35E-0EE8-4064-8204-8DAB84AD0495}.Release|Any CPU.ActiveCfg = Release|Any CPU
		{5739A35E-0EE8-4064-8204-8DAB84AD0495}.Release|Any CPU.Build.0 = Release|Any CPU
		{5739A35E-0EE8-4064-8204-8DAB84AD0495}.Release|ARM.ActiveCfg = Release|Any CPU
		{5739A35E-0EE8-4064-8204-8DAB84AD0495}.Release|ARM.Build.0 = Release|Any CPU
		{5739A35E-0EE8-4064-8204-8DAB84AD0495}.Release|iPhone.ActiveCfg = Release|Any CPU
		{5739A35E-0EE8-4064-8204-8DAB84AD0495}.Release|iPhone.Build.0 = Release|Any CPU
		{5739A35E-0EE8-4064-8204-8DAB84AD0495}.Release|iPhoneSimulator.ActiveCfg = Release|Any CPU
		{5739A35E-0EE8-4064-8204-8DAB84AD0495}.Release|iPhoneSimulator.Build.0 = Release|Any CPU
		{5739A35E-0EE8-4064-8204-8DAB84AD0495}.Release|x86.ActiveCfg = Release|Any CPU
		{5739A35E-0EE8-4064-8204-8DAB84AD0495}.Release|x86.Build.0 = Release|Any CPU
		{8DA47653-4286-437F-AF7F-08D911726A6F}.AppStore|Any CPU.ActiveCfg = Release|Any CPU
		{8DA47653-4286-437F-AF7F-08D911726A6F}.AppStore|Any CPU.Build.0 = Release|Any CPU
		{8DA47653-4286-437F-AF7F-08D911726A6F}.AppStore|Any CPU.Deploy.0 = Release|Any CPU
		{8DA47653-4286-437F-AF7F-08D911726A6F}.AppStore|ARM.ActiveCfg = Release|ARM
		{8DA47653-4286-437F-AF7F-08D911726A6F}.AppStore|ARM.Build.0 = Release|ARM
		{8DA47653-4286-437F-AF7F-08D911726A6F}.AppStore|ARM.Deploy.0 = Release|ARM
		{8DA47653-4286-437F-AF7F-08D911726A6F}.AppStore|iPhone.ActiveCfg = Release|Any CPU
		{8DA47653-4286-437F-AF7F-08D911726A6F}.AppStore|iPhone.Build.0 = Release|Any CPU
		{8DA47653-4286-437F-AF7F-08D911726A6F}.AppStore|iPhone.Deploy.0 = Release|Any CPU
		{8DA47653-4286-437F-AF7F-08D911726A6F}.AppStore|iPhoneSimulator.ActiveCfg = Release|Any CPU
		{8DA47653-4286-437F-AF7F-08D911726A6F}.AppStore|iPhoneSimulator.Build.0 = Release|Any CPU
		{8DA47653-4286-437F-AF7F-08D911726A6F}.AppStore|iPhoneSimulator.Deploy.0 = Release|Any CPU
		{8DA47653-4286-437F-AF7F-08D911726A6F}.AppStore|x86.ActiveCfg = Release|x86
		{8DA47653-4286-437F-AF7F-08D911726A6F}.AppStore|x86.Build.0 = Release|x86
		{8DA47653-4286-437F-AF7F-08D911726A6F}.AppStore|x86.Deploy.0 = Release|x86
		{8DA47653-4286-437F-AF7F-08D911726A6F}.Debug|Any CPU.ActiveCfg = Debug|Any CPU
		{8DA47653-4286-437F-AF7F-08D911726A6F}.Debug|Any CPU.Build.0 = Debug|Any CPU
		{8DA47653-4286-437F-AF7F-08D911726A6F}.Debug|Any CPU.Deploy.0 = Debug|Any CPU
		{8DA47653-4286-437F-AF7F-08D911726A6F}.Debug|ARM.ActiveCfg = Debug|ARM
		{8DA47653-4286-437F-AF7F-08D911726A6F}.Debug|ARM.Build.0 = Debug|ARM
		{8DA47653-4286-437F-AF7F-08D911726A6F}.Debug|ARM.Deploy.0 = Debug|ARM
		{8DA47653-4286-437F-AF7F-08D911726A6F}.Debug|iPhone.ActiveCfg = Debug|Any CPU
		{8DA47653-4286-437F-AF7F-08D911726A6F}.Debug|iPhone.Build.0 = Debug|Any CPU
		{8DA47653-4286-437F-AF7F-08D911726A6F}.Debug|iPhone.Deploy.0 = Debug|Any CPU
		{8DA47653-4286-437F-AF7F-08D911726A6F}.Debug|iPhoneSimulator.ActiveCfg = Debug|Any CPU
		{8DA47653-4286-437F-AF7F-08D911726A6F}.Debug|iPhoneSimulator.Build.0 = Debug|Any CPU
		{8DA47653-4286-437F-AF7F-08D911726A6F}.Debug|iPhoneSimulator.Deploy.0 = Debug|Any CPU
		{8DA47653-4286-437F-AF7F-08D911726A6F}.Debug|x86.ActiveCfg = Debug|x86
		{8DA47653-4286-437F-AF7F-08D911726A6F}.Debug|x86.Build.0 = Debug|x86
		{8DA47653-4286-437F-AF7F-08D911726A6F}.Debug|x86.Deploy.0 = Debug|x86
		{8DA47653-4286-437F-AF7F-08D911726A6F}.Release|Any CPU.ActiveCfg = Release|Any CPU
		{8DA47653-4286-437F-AF7F-08D911726A6F}.Release|Any CPU.Build.0 = Release|Any CPU
		{8DA47653-4286-437F-AF7F-08D911726A6F}.Release|Any CPU.Deploy.0 = Release|Any CPU
		{8DA47653-4286-437F-AF7F-08D911726A6F}.Release|ARM.ActiveCfg = Release|ARM
		{8DA47653-4286-437F-AF7F-08D911726A6F}.Release|ARM.Build.0 = Release|ARM
		{8DA47653-4286-437F-AF7F-08D911726A6F}.Release|ARM.Deploy.0 = Release|ARM
		{8DA47653-4286-437F-AF7F-08D911726A6F}.Release|iPhone.ActiveCfg = Release|Any CPU
		{8DA47653-4286-437F-AF7F-08D911726A6F}.Release|iPhone.Build.0 = Release|Any CPU
		{8DA47653-4286-437F-AF7F-08D911726A6F}.Release|iPhone.Deploy.0 = Release|Any CPU
		{8DA47653-4286-437F-AF7F-08D911726A6F}.Release|iPhoneSimulator.ActiveCfg = Release|Any CPU
		{8DA47653-4286-437F-AF7F-08D911726A6F}.Release|iPhoneSimulator.Build.0 = Release|Any CPU
		{8DA47653-4286-437F-AF7F-08D911726A6F}.Release|iPhoneSimulator.Deploy.0 = Release|Any CPU
		{8DA47653-4286-437F-AF7F-08D911726A6F}.Release|x86.ActiveCfg = Release|x86
		{8DA47653-4286-437F-AF7F-08D911726A6F}.Release|x86.Build.0 = Release|x86
		{8DA47653-4286-437F-AF7F-08D911726A6F}.Release|x86.Deploy.0 = Release|x86
	EndGlobalSection
	GlobalSection(SolutionProperties) = preSolution
		HideSolutionNode = FALSE
	EndGlobalSection
EndGlobal
